
Microsoft Visual Studio Solution File, Format Version 12.00
Project("{FAE04EC0-301F-11D3-BF4B-00C04F79EFBC}") = "MyTaskManager", "MyTaskManager\MyTaskManager.csproj", "{3243AC14-10BD-4244-862B-F16B41F88D75}"
EndProject
Project("{FAE04EC0-301F-11D3-BF4B-00C04F79EFBC}") = "ButtonReactionTimer", "ButtonReactionTimer\ButtonReactionTimer.csproj", "{C5689F5B-1DAF-4F25-8374-28A0C2825EB1}"
EndProject
Project("{FAE04EC0-301F-11D3-BF4B-00C04F79EFBC}") = "TextCipher", "TextCipher\TextCipher.csproj", "{865CC884-D9BB-4A01-BB40-B3C02CAC5D52}"
EndProject
Global
	GlobalSection(SolutionConfigurationPlatforms) = preSolution
		Debug|Any CPU = Debug|Any CPU
		Release|Any CPU = Release|Any CPU
	EndGlobalSection
	GlobalSection(ProjectConfigurationPlatforms) = postSolution
		{3243AC14-10BD-4244-862B-F16B41F88D75}.Debug|Any CPU.ActiveCfg = Debug|Any CPU
		{3243AC14-10BD-4244-862B-F16B41F88D75}.Debug|Any CPU.Build.0 = Debug|Any CPU
		{3243AC14-10BD-4244-862B-F16B41F88D75}.Release|Any CPU.ActiveCfg = Release|Any CPU
		{3243AC14-10BD-4244-862B-F16B41F88D75}.Release|Any CPU.Build.0 = Release|Any CPU
		{C5689F5B-1DAF-4F25-8374-28A0C2825EB1}.Debug|Any CPU.ActiveCfg = Debug|Any CPU
		{C5689F5B-1DAF-4F25-8374-28A0C2825EB1}.Debug|Any CPU.Build.0 = Debug|Any CPU
		{C5689F5B-1DAF-4F25-8374-28A0C2825EB1}.Release|Any CPU.ActiveCfg = Release|Any CPU
		{C5689F5B-1DAF-4F25-8374-28A0C2825EB1}.Release|Any CPU.Build.0 = Release|Any CPU
		{865CC884-D9BB-4A01-BB40-B3C02CAC5D52}.Debug|Any CPU.ActiveCfg = Debug|Any CPU
		{865CC884-D9BB-4A01-BB40-B3C02CAC5D52}.Debug|Any CPU.Build.0 = Debug|Any CPU
		{865CC884-D9BB-4A01-BB40-B3C02CAC5D52}.Release|Any CPU.ActiveCfg = Release|Any CPU
		{865CC884-D9BB-4A01-BB40-B3C02CAC5D52}.Release|Any CPU.Build.0 = Release|Any CPU
	EndGlobalSection
EndGlobal
