
Microsoft Visual Studio Solution File, Format Version 12.00
Project("{FAE04EC0-301F-11D3-BF4B-00C04F79EFBC}") = "MyTaskManager", "MyTaskManager\MyTaskManager.csproj", "{3243AC14-10BD-4244-862B-F16B41F88D75}"
EndProject
Project("{FAE04EC0-301F-11D3-BF4B-00C04F79EFBC}") = "ButtonReactionTimer", "ButtonReactionTimer\ButtonReactionTimer.csproj", "{C5689F5B-1DAF-4F25-8374-28A0C2825EB1}"
EndProject
Project("{FAE04EC0-301F-11D3-BF4B-00C04F79EFBC}") = "TextCipher", "TextCipher\TextCipher.csproj", "{865CC884-D9BB-4A01-BB40-B3C02CAC5D52}"
EndProject
Project("{FAE04EC0-301F-11D3-BF4B-00C04F79EFBC}") = "SampleAppLauncher", "SampleAppLauncher\SampleAppLauncher.csproj", "{3FB3525A-1497-47AE-94A5-36668A4AD70B}"
EndProject
Project("{FAE04EC0-301F-11D3-BF4B-00C04F79EFBC}") = "SampleApp", "SampleApp\SampleApp.csproj", "{AF9BA510-C659-431A-A691-58F1ADF317C9}"
EndProject
Project("{FAE04EC0-301F-11D3-BF4B-00C04F79EFBC}") = "EvenNumbers", "EvenNumbers\EvenNumbers.csproj", "{E1448CBB-3D9F-4F93-893B-C9858AB93EC3}"
EndProject
Project("{FAE04EC0-301F-11D3-BF4B-00C04F79EFBC}") = "ThreadNumberSum", "ThreadNumberSum\ThreadNumberSum.csproj", "{59BAE807-6D8A-4342-A6B9-2D1CF5F90DC0}"
EndProject
Project("{FAE04EC0-301F-11D3-BF4B-00C04F79EFBC}") = "MultiThreadedFileReader", "MultiThreadedFileReader\MultiThreadedFileReader.csproj", "{D280FB7C-06DB-48B8-A31D-299DF1FD2EC2}"
EndProject
Project("{FAE04EC0-301F-11D3-BF4B-00C04F79EFBC}") = "FirstConsoleAppNumInc", "FirstConsoleAppNumInc\FirstConsoleAppNumInc.csproj", "{DC74355F-44DE-46FE-B543-A8AFDB12FB3A}"
EndProject
Project("{FAE04EC0-301F-11D3-BF4B-00C04F79EFBC}") = "SecondConsoleAppNumInc", "SecondConsoleAppNumInc\SecondConsoleAppNumInc.csproj", "{916D94EB-FC79-4DD3-A6CF-0ABAFC401AD4}"
EndProject
Project("{FAE04EC0-301F-11D3-BF4B-00C04F79EFBC}") = "MyConcurrentList", "MyConcurrentList\MyConcurrentList.csproj", "{260D4C67-1D0C-4620-9833-5F4FDACA816F}"
EndProject
Project("{FAE04EC0-301F-11D3-BF4B-00C04F79EFBC}") = "SocialMediaUser", "SocialMediaUser\SocialMediaUser.csproj", "{6ED9AF50-B3C2-4B16-9AAB-F6B96607C593}"
EndProject
Project("{FAE04EC0-301F-11D3-BF4B-00C04F79EFBC}") = "CalculationLibrary", "CalculationLibrary\CalculationLibrary.csproj", "{E08C84A1-9129-4072-884E-2E53A2EC4CC6}"
EndProject
Project("{FAE04EC0-301F-11D3-BF4B-00C04F79EFBC}") = "ConsoleApplicationForCalculationLibrary", "ConsoleApplicationForCalculationLibrary\ConsoleApplicationForCalculationLibrary.csproj", "{46069CB4-4626-4E80-A40E-B968CA458752}"
EndProject
Project("{FAE04EC0-301F-11D3-BF4B-00C04F79EFBC}") = "OpenFileDialogWrapper", "OpenFileDialogWrapper\OpenFileDialogWrapper.csproj", "{4DBBA716-906A-4F1D-8084-909DD7CB0152}"
EndProject
Project("{FAE04EC0-301F-11D3-BF4B-00C04F79EFBC}") = "MVVMUtils", "MVVMUtils\MVVMUtils.csproj", "{A4A878BD-401F-442A-9790-EE1FD6130CAE}"
EndProject
Project("{FAE04EC0-301F-11D3-BF4B-00C04F79EFBC}") = "CustomerDb", "CustomerDb\CustomerDb.csproj", "{7C496488-03F6-4A14-8BBD-4578EAA52C52}"
EndProject
Global
	GlobalSection(SolutionConfigurationPlatforms) = preSolution
		Debug|Any CPU = Debug|Any CPU
		Release|Any CPU = Release|Any CPU
	EndGlobalSection
	GlobalSection(ProjectConfigurationPlatforms) = postSolution
		{3243AC14-10BD-4244-862B-F16B41F88D75}.Debug|Any CPU.ActiveCfg = Debug|Any CPU
		{3243AC14-10BD-4244-862B-F16B41F88D75}.Debug|Any CPU.Build.0 = Debug|Any CPU
		{3243AC14-10BD-4244-862B-F16B41F88D75}.Release|Any CPU.ActiveCfg = Release|Any CPU
		{3243AC14-10BD-4244-862B-F16B41F88D75}.Release|Any CPU.Build.0 = Release|Any CPU
		{C5689F5B-1DAF-4F25-8374-28A0C2825EB1}.Debug|Any CPU.ActiveCfg = Debug|Any CPU
		{C5689F5B-1DAF-4F25-8374-28A0C2825EB1}.Debug|Any CPU.Build.0 = Debug|Any CPU
		{C5689F5B-1DAF-4F25-8374-28A0C2825EB1}.Release|Any CPU.ActiveCfg = Release|Any CPU
		{C5689F5B-1DAF-4F25-8374-28A0C2825EB1}.Release|Any CPU.Build.0 = Release|Any CPU
		{865CC884-D9BB-4A01-BB40-B3C02CAC5D52}.Debug|Any CPU.ActiveCfg = Debug|Any CPU
		{865CC884-D9BB-4A01-BB40-B3C02CAC5D52}.Debug|Any CPU.Build.0 = Debug|Any CPU
		{865CC884-D9BB-4A01-BB40-B3C02CAC5D52}.Release|Any CPU.ActiveCfg = Release|Any CPU
		{865CC884-D9BB-4A01-BB40-B3C02CAC5D52}.Release|Any CPU.Build.0 = Release|Any CPU
		{3FB3525A-1497-47AE-94A5-36668A4AD70B}.Debug|Any CPU.ActiveCfg = Debug|Any CPU
		{3FB3525A-1497-47AE-94A5-36668A4AD70B}.Debug|Any CPU.Build.0 = Debug|Any CPU
		{3FB3525A-1497-47AE-94A5-36668A4AD70B}.Release|Any CPU.ActiveCfg = Release|Any CPU
		{3FB3525A-1497-47AE-94A5-36668A4AD70B}.Release|Any CPU.Build.0 = Release|Any CPU
		{AF9BA510-C659-431A-A691-58F1ADF317C9}.Debug|Any CPU.ActiveCfg = Debug|Any CPU
		{AF9BA510-C659-431A-A691-58F1ADF317C9}.Debug|Any CPU.Build.0 = Debug|Any CPU
		{AF9BA510-C659-431A-A691-58F1ADF317C9}.Release|Any CPU.ActiveCfg = Release|Any CPU
		{AF9BA510-C659-431A-A691-58F1ADF317C9}.Release|Any CPU.Build.0 = Release|Any CPU
		{E1448CBB-3D9F-4F93-893B-C9858AB93EC3}.Debug|Any CPU.ActiveCfg = Debug|Any CPU
		{E1448CBB-3D9F-4F93-893B-C9858AB93EC3}.Debug|Any CPU.Build.0 = Debug|Any CPU
		{E1448CBB-3D9F-4F93-893B-C9858AB93EC3}.Release|Any CPU.ActiveCfg = Release|Any CPU
		{E1448CBB-3D9F-4F93-893B-C9858AB93EC3}.Release|Any CPU.Build.0 = Release|Any CPU
		{59BAE807-6D8A-4342-A6B9-2D1CF5F90DC0}.Debug|Any CPU.ActiveCfg = Debug|Any CPU
		{59BAE807-6D8A-4342-A6B9-2D1CF5F90DC0}.Debug|Any CPU.Build.0 = Debug|Any CPU
		{59BAE807-6D8A-4342-A6B9-2D1CF5F90DC0}.Release|Any CPU.ActiveCfg = Release|Any CPU
		{59BAE807-6D8A-4342-A6B9-2D1CF5F90DC0}.Release|Any CPU.Build.0 = Release|Any CPU
		{D280FB7C-06DB-48B8-A31D-299DF1FD2EC2}.Debug|Any CPU.ActiveCfg = Debug|Any CPU
		{D280FB7C-06DB-48B8-A31D-299DF1FD2EC2}.Debug|Any CPU.Build.0 = Debug|Any CPU
		{D280FB7C-06DB-48B8-A31D-299DF1FD2EC2}.Release|Any CPU.ActiveCfg = Release|Any CPU
		{D280FB7C-06DB-48B8-A31D-299DF1FD2EC2}.Release|Any CPU.Build.0 = Release|Any CPU
		{DC74355F-44DE-46FE-B543-A8AFDB12FB3A}.Debug|Any CPU.ActiveCfg = Debug|Any CPU
		{DC74355F-44DE-46FE-B543-A8AFDB12FB3A}.Debug|Any CPU.Build.0 = Debug|Any CPU
		{DC74355F-44DE-46FE-B543-A8AFDB12FB3A}.Release|Any CPU.ActiveCfg = Release|Any CPU
		{DC74355F-44DE-46FE-B543-A8AFDB12FB3A}.Release|Any CPU.Build.0 = Release|Any CPU
		{916D94EB-FC79-4DD3-A6CF-0ABAFC401AD4}.Debug|Any CPU.ActiveCfg = Debug|Any CPU
		{916D94EB-FC79-4DD3-A6CF-0ABAFC401AD4}.Debug|Any CPU.Build.0 = Debug|Any CPU
		{916D94EB-FC79-4DD3-A6CF-0ABAFC401AD4}.Release|Any CPU.ActiveCfg = Release|Any CPU
		{916D94EB-FC79-4DD3-A6CF-0ABAFC401AD4}.Release|Any CPU.Build.0 = Release|Any CPU
		{260D4C67-1D0C-4620-9833-5F4FDACA816F}.Debug|Any CPU.ActiveCfg = Debug|Any CPU
		{260D4C67-1D0C-4620-9833-5F4FDACA816F}.Debug|Any CPU.Build.0 = Debug|Any CPU
		{260D4C67-1D0C-4620-9833-5F4FDACA816F}.Release|Any CPU.ActiveCfg = Release|Any CPU
		{260D4C67-1D0C-4620-9833-5F4FDACA816F}.Release|Any CPU.Build.0 = Release|Any CPU
		{6ED9AF50-B3C2-4B16-9AAB-F6B96607C593}.Debug|Any CPU.ActiveCfg = Debug|Any CPU
		{6ED9AF50-B3C2-4B16-9AAB-F6B96607C593}.Debug|Any CPU.Build.0 = Debug|Any CPU
		{6ED9AF50-B3C2-4B16-9AAB-F6B96607C593}.Release|Any CPU.ActiveCfg = Release|Any CPU
		{6ED9AF50-B3C2-4B16-9AAB-F6B96607C593}.Release|Any CPU.Build.0 = Release|Any CPU
		{E08C84A1-9129-4072-884E-2E53A2EC4CC6}.Debug|Any CPU.ActiveCfg = Debug|Any CPU
		{E08C84A1-9129-4072-884E-2E53A2EC4CC6}.Debug|Any CPU.Build.0 = Debug|Any CPU
		{E08C84A1-9129-4072-884E-2E53A2EC4CC6}.Release|Any CPU.ActiveCfg = Release|Any CPU
		{E08C84A1-9129-4072-884E-2E53A2EC4CC6}.Release|Any CPU.Build.0 = Release|Any CPU
		{46069CB4-4626-4E80-A40E-B968CA458752}.Debug|Any CPU.ActiveCfg = Debug|Any CPU
		{46069CB4-4626-4E80-A40E-B968CA458752}.Debug|Any CPU.Build.0 = Debug|Any CPU
		{46069CB4-4626-4E80-A40E-B968CA458752}.Release|Any CPU.ActiveCfg = Release|Any CPU
		{46069CB4-4626-4E80-A40E-B968CA458752}.Release|Any CPU.Build.0 = Release|Any CPU
		{4DBBA716-906A-4F1D-8084-909DD7CB0152}.Debug|Any CPU.ActiveCfg = Debug|Any CPU
		{4DBBA716-906A-4F1D-8084-909DD7CB0152}.Debug|Any CPU.Build.0 = Debug|Any CPU
		{4DBBA716-906A-4F1D-8084-909DD7CB0152}.Release|Any CPU.ActiveCfg = Release|Any CPU
		{4DBBA716-906A-4F1D-8084-909DD7CB0152}.Release|Any CPU.Build.0 = Release|Any CPU
		{A4A878BD-401F-442A-9790-EE1FD6130CAE}.Debug|Any CPU.ActiveCfg = Debug|Any CPU
		{A4A878BD-401F-442A-9790-EE1FD6130CAE}.Debug|Any CPU.Build.0 = Debug|Any CPU
		{A4A878BD-401F-442A-9790-EE1FD6130CAE}.Release|Any CPU.ActiveCfg = Release|Any CPU
		{A4A878BD-401F-442A-9790-EE1FD6130CAE}.Release|Any CPU.Build.0 = Release|Any CPU
		{7C496488-03F6-4A14-8BBD-4578EAA52C52}.Debug|Any CPU.ActiveCfg = Debug|Any CPU
		{7C496488-03F6-4A14-8BBD-4578EAA52C52}.Debug|Any CPU.Build.0 = Debug|Any CPU
		{7C496488-03F6-4A14-8BBD-4578EAA52C52}.Release|Any CPU.ActiveCfg = Release|Any CPU
		{7C496488-03F6-4A14-8BBD-4578EAA52C52}.Release|Any CPU.Build.0 = Release|Any CPU
	EndGlobalSection
EndGlobal
